
Microsoft Visual Studio Solution File, Format Version 12.00
# Visual Studio 15
VisualStudioVersion = 15.0.27130.2026
MinimumVisualStudioVersion = 10.0.40219.1
Project("{FAE04EC0-301F-11D3-BF4B-00C04F79EFBC}") = "ChallengePostalCalculatorHelperMethods", "ChallengePostalCalculatorHelperMethods\ChallengePostalCalculatorHelperMethods.csproj", "{84798CFD-8351-4EB2-8ACF-85A282FBFECA}"
EndProject
Global
	GlobalSection(SolutionConfigurationPlatforms) = preSolution
		Debug|Any CPU = Debug|Any CPU
		Release|Any CPU = Release|Any CPU
	EndGlobalSection
	GlobalSection(ProjectConfigurationPlatforms) = postSolution
		{84798CFD-8351-4EB2-8ACF-85A282FBFECA}.Debug|Any CPU.ActiveCfg = Debug|Any CPU
		{84798CFD-8351-4EB2-8ACF-85A282FBFECA}.Debug|Any CPU.Build.0 = Debug|Any CPU
		{84798CFD-8351-4EB2-8ACF-85A282FBFECA}.Release|Any CPU.ActiveCfg = Release|Any CPU
		{84798CFD-8351-4EB2-8ACF-85A282FBFECA}.Release|Any CPU.Build.0 = Release|Any CPU
	EndGlobalSection
	GlobalSection(SolutionProperties) = preSolution
		HideSolutionNode = FALSE
	EndGlobalSection
	GlobalSection(ExtensibilityGlobals) = postSolution
		SolutionGuid = {74BFB7A2-31B7-4048-AF3F-3F72D3461BED}
	EndGlobalSection
EndGlobal
