
Microsoft Visual Studio Solution File, Format Version 12.00
# Visual Studio 15
VisualStudioVersion = 15.0.27130.2026
MinimumVisualStudioVersion = 10.0.40219.1
Project("{FAE04EC0-301F-11D3-BF4B-00C04F79EFBC}") = "ChallengeSimpleDarts", "ChallengeSimpleDarts\ChallengeSimpleDarts.csproj", "{D3EF8C6E-F695-41D5-B8C1-499ED258AC85}"
EndProject
Project("{FAE04EC0-301F-11D3-BF4B-00C04F79EFBC}") = "Darts", "Darts\Darts.csproj", "{EAC082EA-327C-4749-BA40-93E3F5A9C49A}"
EndProject
Global
	GlobalSection(SolutionConfigurationPlatforms) = preSolution
		Debug|Any CPU = Debug|Any CPU
		Release|Any CPU = Release|Any CPU
	EndGlobalSection
	GlobalSection(ProjectConfigurationPlatforms) = postSolution
		{D3EF8C6E-F695-41D5-B8C1-499ED258AC85}.Debug|Any CPU.ActiveCfg = Debug|Any CPU
		{D3EF8C6E-F695-41D5-B8C1-499ED258AC85}.Debug|Any CPU.Build.0 = Debug|Any CPU
		{D3EF8C6E-F695-41D5-B8C1-499ED258AC85}.Release|Any CPU.ActiveCfg = Release|Any CPU
		{D3EF8C6E-F695-41D5-B8C1-499ED258AC85}.Release|Any CPU.Build.0 = Release|Any CPU
		{EAC082EA-327C-4749-BA40-93E3F5A9C49A}.Debug|Any CPU.ActiveCfg = Debug|Any CPU
		{EAC082EA-327C-4749-BA40-93E3F5A9C49A}.Debug|Any CPU.Build.0 = Debug|Any CPU
		{EAC082EA-327C-4749-BA40-93E3F5A9C49A}.Release|Any CPU.ActiveCfg = Release|Any CPU
		{EAC082EA-327C-4749-BA40-93E3F5A9C49A}.Release|Any CPU.Build.0 = Release|Any CPU
	EndGlobalSection
	GlobalSection(SolutionProperties) = preSolution
		HideSolutionNode = FALSE
	EndGlobalSection
	GlobalSection(ExtensibilityGlobals) = postSolution
		SolutionGuid = {9C4B5884-C5A5-49EA-A6A3-8B12AB1F07AD}
	EndGlobalSection
EndGlobal
